lockfileVersion: '9.0'

settings:
  autoInstallPeers: true
  excludeLinksFromLockfile: false

importers:

  .:
    dependencies:
      pnpm:
        specifier: 10.34.5
        version: 10.34.5

packages:

  pnpm@10.34.5:
    resolution: {integrity: sha512-pO4F8vc2WCVb1qiYWcBlpFwopX2u+uLIk6Fo7itzFow3uR6D5X6mdlStA/AwMXRkMOi84442LgQmBfuKvIAZLg==}
    engines: {node: '>=18.12'}
    hasBin: true

snapshots:

  pnpm@10.34.5: {}
