{
  "name": "@mento-protocol/vercel-pnpm-bootstrap",
  "version": "0.0.0",
  "lockfileVersion": 3,
  "requires": true,
  "packages": {
    "": {
      "name": "@mento-protocol/vercel-pnpm-bootstrap",
      "version": "0.0.0",
      "dependencies": {
        "@pnpm/linux-x64": "10.34.4"
      }
    },
    "node_modules/@pnpm/linux-x64": {
      "version": "10.34.4",
      "resolved": "https://registry.npmjs.org/@pnpm/linux-x64/-/linux-x64-10.34.4.tgz",
      "integrity": "sha512-6gsJT9HUs1kBsJANC5SEJNRGAMzjGMKgxEtCvPLYd7NIktbh1GH5Ktcu7nLYcbxX8SirCHHzhZiMolW0mvzoqA==",
      "cpu": [
        "x64"
      ],
      "license": "MIT",
      "os": [
        "linux"
      ],
      "bin": {
        "pnpm": "pnpm"
      },
      "funding": {
        "url": "https://opencollective.com/pnpm"
      }
    }
  }
}
