{
  "name": "@mento-protocol/vercel-pnpm-bootstrap",
  "version": "0.0.0",
  "lockfileVersion": 3,
  "requires": true,
  "packages": {
    "": {
      "name": "@mento-protocol/vercel-pnpm-bootstrap",
      "version": "0.0.0",
      "dependencies": {
        "@pnpm/linux-x64": "10.34.5"
      }
    },
    "node_modules/@pnpm/linux-x64": {
      "version": "10.34.5",
      "resolved": "https://registry.npmjs.org/@pnpm/linux-x64/-/linux-x64-10.34.5.tgz",
      "integrity": "sha512-blNFcW3EVmOkeZYnkY5lraD1+oqiFvSByMT3GTRGKp7P7C4PtHixLQJLe2AzJ4rLimFjgqfHg0Cf/Si/9bZlHQ==",
      "cpu": [
        "x64"
      ],
      "license": "MIT",
      "os": [
        "linux"
      ],
      "bin": {
        "pnpm": "pnpm"
      },
      "funding": {
        "url": "https://opencollective.com/pnpm"
      }
    }
  }
}
